// !$*UTF8*$!
{
	archiveVersion = 1;
	classes = {
	};
	objectVersion = 46;
	objects = {

/* Begin PBXBuildFile section */
		0D3497F5736A4581B2E16BE6 /* libPods-iOSTest.a in Frameworks */ = {isa = PBXBuildFile; fileRef = 177173797F5A4AC5BB36169E /* libPods-iOSTest.a */; };
		BC07050519A5844000984A5E /* Accelerate.framework in Frameworks */ = {isa = PBXBuildFile; fileRef = BC07050419A5844000984A5E /* Accelerate.framework */; };
		BC07050B19A58EEC00984A5E /* Ocean_park_wiki-2.jpg in Resources */ = {isa = PBXBuildFile; fileRef = BC07050A19A58EEC00984A5E /* Ocean_park_wiki-2.jpg */; };
		BC4827A719A2D5A200CF7904 /* main.m in Sources */ = {isa = PBXBuildFile; fileRef = BC4827A619A2D5A200CF7904 /* main.m */; };
		BC4827AA19A2D5A200CF7904 /* AppDelegate.m in Sources */ = {isa = PBXBuildFile; fileRef = BC4827A919A2D5A200CF7904 /* AppDelegate.m */; };
		BC4827AD19A2D5A200CF7904 /* ViewController.m in Sources */ = {isa = PBXBuildFile; fileRef = BC4827AC19A2D5A200CF7904 /* ViewController.m */; };
		BC4827B019A2D5A200CF7904 /* Main.storyboard in Resources */ = {isa = PBXBuildFile; fileRef = BC4827AE19A2D5A200CF7904 /* Main.storyboard */; };
		BC4827B219A2D5A200CF7904 /* Images.xcassets in Resources */ = {isa = PBXBuildFile; fileRef = BC4827B119A2D5A200CF7904 /* Images.xcassets */; };
		BC4827BE19A2D5A300CF7904 /* iOSTestTests.m in Sources */ = {isa = PBXBuildFile; fileRef = BC4827BD19A2D5A300CF7904 /* iOSTestTests.m */; };
		BC4827CA19A2DFAE00CF7904 /* smallCardBG@2x.png in Resources */ = {isa = PBXBuildFile; fileRef = BC4827C919A2DFAE00CF7904 /* smallCardBG@2x.png */; };
		BCBC06AE19A6F912007232E8 /* colorful_reef.jpg in Resources */ = {isa = PBXBuildFile; fileRef = BCBC06AD19A6F912007232E8 /* colorful_reef.jpg */; };
		CAF6337F19A5296300C9BEE7 /* MenuViewController.m in Sources */ = {isa = PBXBuildFile; fileRef = CAF6337E19A5296300C9BEE7 /* MenuViewController.m */; };
/* End PBXBuildFile section */

/* Begin PBXContainerItemProxy section */
		BC4827B819A2D5A300CF7904 /* PBXContainerItemProxy */ = {
			isa = PBXContainerItemProxy;
			containerPortal = BC48279919A2D5A200CF7904 /* Project object */;
			proxyType = 1;
			remoteGlobalIDString = BC4827A019A2D5A200CF7904;
			remoteInfo = iOSTest;
		};
/* End PBXContainerItemProxy section */

/* Begin PBXFileReference section */
		177173797F5A4AC5BB36169E /* libPods-iOSTest.a */ = {isa = PBXFileReference; explicitFileType = archive.ar; includeInIndex = 0; path = "libPods-iOSTest.a"; sourceTree = BUILT_PRODUCTS_DIR; };
		B6FEF9BC55484B4EA7C2E30C /* Pods-iOSTest.xcconfig */ = {isa = PBXFileReference; includeInIndex = 1; lastKnownFileType = text.xcconfig; name = "Pods-iOSTest.xcconfig"; path = "Pods/Pods-iOSTest.xcconfig"; sourceTree = "<group>"; };
		BC07050419A5844000984A5E /* Accelerate.framework */ = {isa = PBXFileReference; lastKnownFileType = wrapper.framework; name = Accelerate.framework; path = System/Library/Frameworks/Accelerate.framework; sourceTree = SDKROOT; };
		BC07050A19A58EEC00984A5E /* Ocean_park_wiki-2.jpg */ = {isa = PBXFileReference; lastKnownFileType = image.jpeg; path = "Ocean_park_wiki-2.jpg"; sourceTree = "<group>"; };
		BC4827A119A2D5A200CF7904 /* iOSTest.app */ = {isa = PBXFileReference; explicitFileType = wrapper.application; includeInIndex = 0; path = iOSTest.app; sourceTree = BUILT_PRODUCTS_DIR; };
		BC4827A519A2D5A200CF7904 /* Info.plist */ = {isa = PBXFileReference; lastKnownFileType = text.plist.xml; path = Info.plist; sourceTree = "<group>"; };
		BC4827A619A2D5A200CF7904 /* main.m */ = {isa = PBXFileReference; lastKnownFileType = sourcecode.c.objc; path = main.m; sourceTree = "<group>"; };
		BC4827A819A2D5A200CF7904 /* AppDelegate.h */ = {isa = PBXFileReference; lastKnownFileType = sourcecode.c.h; path = AppDelegate.h; sourceTree = "<group>"; };
		BC4827A919A2D5A200CF7904 /* AppDelegate.m */ = {isa = PBXFileReference; lastKnownFileType = sourcecode.c.objc; path = AppDelegate.m; sourceTree = "<group>"; };
		BC4827AB19A2D5A200CF7904 /* ViewController.h */ = {isa = PBXFileReference; lastKnownFileType = sourcecode.c.h; path = ViewController.h; sourceTree = "<group>"; };
		BC4827AC19A2D5A200CF7904 /* ViewController.m */ = {isa = PBXFileReference; lastKnownFileType = sourcecode.c.objc; path = ViewController.m; sourceTree = "<group>"; };
		BC4827AF19A2D5A200CF7904 /* Base */ = {isa = PBXFileReference; lastKnownFileType = file.storyboard; name = Base; path = Base.lproj/Main.storyboard; sourceTree = "<group>"; };
		BC4827B119A2D5A200CF7904 /* Images.xcassets */ = {isa = PBXFileReference; lastKnownFileType = folder.assetcatalog; path = Images.xcassets; sourceTree = "<group>"; };
		BC4827B719A2D5A300CF7904 /* iOSTestTests.xctest */ = {isa = PBXFileReference; explicitFileType = wrapper.cfbundle; includeInIndex = 0; path = iOSTestTests.xctest; sourceTree = BUILT_PRODUCTS_DIR; };
		BC4827BC19A2D5A300CF7904 /* Info.plist */ = {isa = PBXFileReference; lastKnownFileType = text.plist.xml; path = Info.plist; sourceTree = "<group>"; };
		BC4827BD19A2D5A300CF7904 /* iOSTestTests.m */ = {isa = PBXFileReference; lastKnownFileType = sourcecode.c.objc; path = iOSTestTests.m; sourceTree = "<group>"; };
		BC4827C919A2DFAE00CF7904 /* smallCardBG@2x.png */ = {isa = PBXFileReference; lastKnownFileType = image.png; path = "smallCardBG@2x.png"; sourceTree = "<group>"; };
		BCBC06AD19A6F912007232E8 /* colorful_reef.jpg */ = {isa = PBXFileReference; lastKnownFileType = image.jpeg; path = colorful_reef.jpg; sourceTree = "<group>"; };
		CA33EC8419A6A10100BDF417 /* QuartzCore.framework */ = {isa = PBXFileReference; lastKnownFileType = wrapper.framework; name = QuartzCore.framework; path = System/Library/Frameworks/QuartzCore.framework; sourceTree = SDKROOT; };
		CAF6337D19A5296300C9BEE7 /* MenuViewController.h */ = {isa = PBXFileReference; fileEncoding = 4; lastKnownFileType = sourcecode.c.h; path = MenuViewController.h; sourceTree = "<group>"; };
		CAF6337E19A5296300C9BEE7 /* MenuViewController.m */ = {isa = PBXFileReference; fileEncoding = 4; lastKnownFileType = sourcecode.c.objc; path = MenuViewController.m; sourceTree = "<group>"; };
/* End PBXFileReference section */

/* Begin PBXFrameworksBuildPhase section */
		BC48279E19A2D5A200CF7904 /* Frameworks */ = {
			isa = PBXFrameworksBuildPhase;
			buildActionMask = 2147483647;
			files = (
				BC07050519A5844000984A5E /* Accelerate.framework in Frameworks */,
				0D3497F5736A4581B2E16BE6 /* libPods-iOSTest.a in Frameworks */,
			);
			runOnlyForDeploymentPostprocessing = 0;
		};
		BC4827B419A2D5A300CF7904 /* Frameworks */ = {
			isa = PBXFrameworksBuildPhase;
			buildActionMask = 2147483647;
			files = (
			);
			runOnlyForDeploymentPostprocessing = 0;
		};
/* End PBXFrameworksBuildPhase section */

/* Begin PBXGroup section */
		7A23D6A5CCC64CBD80614BBD /* Frameworks */ = {
			isa = PBXGroup;
			children = (
				CA33EC8419A6A10100BDF417 /* QuartzCore.framework */,
				BC07050419A5844000984A5E /* Accelerate.framework */,
				177173797F5A4AC5BB36169E /* libPods-iOSTest.a */,
			);
			name = Frameworks;
			sourceTree = "<group>";
		};
		BC48279819A2D5A200CF7904 = {
			isa = PBXGroup;
			children = (
				BC4827A319A2D5A200CF7904 /* iOSTest */,
				BC4827BA19A2D5A300CF7904 /* iOSTestTests */,
				BC4827A219A2D5A200CF7904 /* Products */,
				B6FEF9BC55484B4EA7C2E30C /* Pods-iOSTest.xcconfig */,
				7A23D6A5CCC64CBD80614BBD /* Frameworks */,
			);
			indentWidth = 4;
			sourceTree = "<group>";
			tabWidth = 4;
			usesTabs = 0;
		};
		BC4827A219A2D5A200CF7904 /* Products */ = {
			isa = PBXGroup;
			children = (
				BC4827A119A2D5A200CF7904 /* iOSTest.app */,
				BC4827B719A2D5A300CF7904 /* iOSTestTests.xctest */,
			);
			name = Products;
			sourceTree = "<group>";
		};
		BC4827A319A2D5A200CF7904 /* iOSTest */ = {
			isa = PBXGroup;
			children = (
				BC4827A819A2D5A200CF7904 /* AppDelegate.h */,
				BC4827A919A2D5A200CF7904 /* AppDelegate.m */,
				BC4827AB19A2D5A200CF7904 /* ViewController.h */,
				BC4827AC19A2D5A200CF7904 /* ViewController.m */,
				BC4827AE19A2D5A200CF7904 /* Main.storyboard */,
				CAF6337D19A5296300C9BEE7 /* MenuViewController.h */,
				CAF6337E19A5296300C9BEE7 /* MenuViewController.m */,
				BC4827B119A2D5A200CF7904 /* Images.xcassets */,
				BC4827A419A2D5A200CF7904 /* Supporting Files */,
			);
			path = iOSTest;
			sourceTree = "<group>";
		};
		BC4827A419A2D5A200CF7904 /* Supporting Files */ = {
			isa = PBXGroup;
			children = (
				BCBC06AD19A6F912007232E8 /* colorful_reef.jpg */,
				BC07050A19A58EEC00984A5E /* Ocean_park_wiki-2.jpg */,
				BC4827C919A2DFAE00CF7904 /* smallCardBG@2x.png */,
				BC4827A519A2D5A200CF7904 /* Info.plist */,
				BC4827A619A2D5A200CF7904 /* main.m */,
			);
			name = "Supporting Files";
			sourceTree = "<group>";
		};
		BC4827BA19A2D5A300CF7904 /* iOSTestTests */ = {
			isa = PBXGroup;
			children = (
				BC4827BD19A2D5A300CF7904 /* iOSTestTests.m */,
				BC4827BB19A2D5A300CF7904 /* Supporting Files */,
			);
			path = iOSTestTests;
			sourceTree = "<group>";
		};
		BC4827BB19A2D5A300CF7904 /* Supporting Files */ = {
			isa = PBXGroup;
			children = (
				BC4827BC19A2D5A300CF7904 /* Info.plist */,
			);
			name = "Supporting Files";
			sourceTree = "<group>";
		};
/* End PBXGroup section */

/* Begin PBXNativeTarget section */
		BC4827A019A2D5A200CF7904 /* iOSTest */ = {
			isa = PBXNativeTarget;
			buildConfigurationList = BC4827C119A2D5A300CF7904 /* Build configuration list for PBXNativeTarget "iOSTest" */;
			buildPhases = (
				83B6C05668A849A1951F9112 /* Check Pods Manifest.lock */,
				BC48279D19A2D5A200CF7904 /* Sources */,
				BC48279E19A2D5A200CF7904 /* Frameworks */,
				BC48279F19A2D5A200CF7904 /* Resources */,
				943C364A1E7D480F9370F5DE /* Copy Pods Resources */,
			);
			buildRules = (
			);
			dependencies = (
			);
			name = iOSTest;
			productName = iOSTest;
			productReference = BC4827A119A2D5A200CF7904 /* iOSTest.app */;
			productType = "com.apple.product-type.application";
		};
		BC4827B619A2D5A300CF7904 /* iOSTestTests */ = {
			isa = PBXNativeTarget;
			buildConfigurationList = BC4827C419A2D5A300CF7904 /* Build configuration list for PBXNativeTarget "iOSTestTests" */;
			buildPhases = (
				BC4827B319A2D5A300CF7904 /* Sources */,
				BC4827B419A2D5A300CF7904 /* Frameworks */,
				BC4827B519A2D5A300CF7904 /* Resources */,
			);
			buildRules = (
			);
			dependencies = (
				BC4827B919A2D5A300CF7904 /* PBXTargetDependency */,
			);
			name = iOSTestTests;
			productName = iOSTestTests;
			productReference = BC4827B719A2D5A300CF7904 /* iOSTestTests.xctest */;
			productType = "com.apple.product-type.bundle.unit-test";
		};
/* End PBXNativeTarget section */

/* Begin PBXProject section */
		BC48279919A2D5A200CF7904 /* Project object */ = {
			isa = PBXProject;
			attributes = {
				LastUpgradeCheck = 0600;
				ORGANIZATIONNAME = "Digital Rogues";
				TargetAttributes = {
					BC4827A019A2D5A200CF7904 = {
						CreatedOnToolsVersion = 6.0;
					};
					BC4827B619A2D5A300CF7904 = {
						CreatedOnToolsVersion = 6.0;
						TestTargetID = BC4827A019A2D5A200CF7904;
					};
				};
			};
			buildConfigurationList = BC48279C19A2D5A200CF7904 /* Build configuration list for PBXProject "iOSTest" */;
			compatibilityVersion = "Xcode 3.2";
			developmentRegion = English;
			hasScannedForEncodings = 0;
			knownRegions = (
				en,
				Base,
			);
			mainGroup = BC48279819A2D5A200CF7904;
			productRefGroup = BC4827A219A2D5A200CF7904 /* Products */;
			projectDirPath = "";
			projectRoot = "";
			targets = (
				BC4827A019A2D5A200CF7904 /* iOSTest */,
				BC4827B619A2D5A300CF7904 /* iOSTestTests */,
			);
		};
/* End PBXProject section */

/* Begin PBXResourcesBuildPhase section */
		BC48279F19A2D5A200CF7904 /* Resources */ = {
			isa = PBXResourcesBuildPhase;
			buildActionMask = 2147483647;
			files = (
				BC4827B019A2D5A200CF7904 /* Main.storyboard in Resources */,
				BC4827B219A2D5A200CF7904 /* Images.xcassets in Resources */,
				BC4827CA19A2DFAE00CF7904 /* smallCardBG@2x.png in Resources */,
				BC07050B19A58EEC00984A5E /* Ocean_park_wiki-2.jpg in Resources */,
				BCBC06AE19A6F912007232E8 /* colorful_reef.jpg in Resources */,
			);
			runOnlyForDeploymentPostprocessing = 0;
		};
		BC4827B519A2D5A300CF7904 /* Resources */ = {
			isa = PBXResourcesBuildPhase;
			buildActionMask = 2147483647;
			files = (
			);
			runOnlyForDeploymentPostprocessing = 0;
		};
/* End PBXResourcesBuildPhase section */

/* Begin PBXShellScriptBuildPhase section */
		83B6C05668A849A1951F9112 /* Check Pods Manifest.lock */ = {
			isa = PBXShellScriptBuildPhase;
			buildActionMask = 2147483647;
			files = (
			);
			inputPaths = (
			);
			name = "Check Pods Manifest.lock";
			outputPaths = (
			);
			runOnlyForDeploymentPostprocessing = 0;
			shellPath = /bin/sh;
			shellScript = "diff \"${PODS_ROOT}/../Podfile.lock\" \"${PODS_ROOT}/Manifest.lock\" > /dev/null\nif [[ $? != 0 ]] ; then\n    cat << EOM\nerror: The sandbox is not in sync with the Podfile.lock. Run 'pod install' or update your CocoaPods installation.\nEOM\n    exit 1\nfi\n";
			showEnvVarsInLog = 0;
		};
		943C364A1E7D480F9370F5DE /* Copy Pods Resources */ = {
			isa = PBXShellScriptBuildPhase;
			buildActionMask = 2147483647;
			files = (
			);
			inputPaths = (
			);
			name = "Copy Pods Resources";
			outputPaths = (
			);
			runOnlyForDeploymentPostprocessing = 0;
			shellPath = /bin/sh;
			shellScript = "\"${SRCROOT}/Pods/Pods-iOSTest-resources.sh\"\n";
			showEnvVarsInLog = 0;
		};
/* End PBXShellScriptBuildPhase section */

/* Begin PBXSourcesBuildPhase section */
		BC48279D19A2D5A200CF7904 /* Sources */ = {
			isa = PBXSourcesBuildPhase;
			buildActionMask = 2147483647;
			files = (
				BC4827AD19A2D5A200CF7904 /* ViewController.m in Sources */,
				BC4827AA19A2D5A200CF7904 /* AppDelegate.m in Sources */,
				BC4827A719A2D5A200CF7904 /* main.m in Sources */,
				CAF6337F19A5296300C9BEE7 /* MenuViewController.m in Sources */,
			);
			runOnlyForDeploymentPostprocessing = 0;
		};
		BC4827B319A2D5A300CF7904 /* Sources */ = {
			isa = PBXSourcesBuildPhase;
			buildActionMask = 2147483647;
			files = (
				BC4827BE19A2D5A300CF7904 /* iOSTestTests.m in Sources */,
			);
			runOnlyForDeploymentPostprocessing = 0;
		};
/* End PBXSourcesBuildPhase section */

/* Begin PBXTargetDependency section */
		BC4827B919A2D5A300CF7904 /* PBXTargetDependency */ = {
			isa = PBXTargetDependency;
			target = BC4827A019A2D5A200CF7904 /* iOSTest */;
			targetProxy = BC4827B819A2D5A300CF7904 /* PBXContainerItemProxy */;
		};
/* End PBXTargetDependency section */

/* Begin PBXVariantGroup section */
		BC4827AE19A2D5A200CF7904 /* Main.storyboard */ = {
			isa = PBXVariantGroup;
			children = (
				BC4827AF19A2D5A200CF7904 /* Base */,
			);
			name = Main.storyboard;
			sourceTree = "<group>";
		};
/* End PBXVariantGroup section */

/* Begin XCBuildConfiguration section */
		BC4827BF19A2D5A300CF7904 /* Debug */ = {
			isa = XCBuildConfiguration;
			buildSettings = {
				ALWAYS_SEARCH_USER_PATHS = NO;
				CLANG_CXX_LANGUAGE_STANDARD = "gnu++0x";
				CLANG_CXX_LIBRARY = "libc++";
				CLANG_ENABLE_MODULES = YES;
				CLANG_ENABLE_OBJC_ARC = YES;
				CLANG_WARN_BOOL_CONVERSION = YES;
				CLANG_WARN_CONSTANT_CONVERSION = YES;
				CLANG_WARN_DIRECT_OBJC_ISA_USAGE = YES_ERROR;
				CLANG_WARN_EMPTY_BODY = YES;
				CLANG_WARN_ENUM_CONVERSION = YES;
				CLANG_WARN_INT_CONVERSION = YES;
				CLANG_WARN_OBJC_ROOT_CLASS = YES_ERROR;
				CLANG_WARN_UNREACHABLE_CODE = YES;
				CLANG_WARN__DUPLICATE_METHOD_MATCH = YES;
				"CODE_SIGN_IDENTITY[sdk=iphoneos*]" = "iPhone Developer";
				COPY_PHASE_STRIP = NO;
				ENABLE_STRICT_OBJC_MSGSEND = YES;
				GCC_C_LANGUAGE_STANDARD = gnu99;
				GCC_DYNAMIC_NO_PIC = NO;
				GCC_OPTIMIZATION_LEVEL = 0;
				GCC_PREPROCESSOR_DEFINITIONS = (
					"DEBUG=1",
					"$(inherited)",
				);
				GCC_SYMBOLS_PRIVATE_EXTERN = NO;
				GCC_WARN_64_TO_32_BIT_CONVERSION = YES;
				GCC_WARN_ABOUT_RETURN_TYPE = YES_ERROR;
				GCC_WARN_UNDECLARED_SELECTOR = YES;
				GCC_WARN_UNINITIALIZED_AUTOS = YES_AGGRESSIVE;
				GCC_WARN_UNUSED_FUNCTION = YES;
				GCC_WARN_UNUSED_VARIABLE = YES;
				IPHONEOS_DEPLOYMENT_TARGET = 8.0;
				MTL_ENABLE_DEBUG_INFO = YES;
				ONLY_ACTIVE_ARCH = YES;
				PRODUCT_MODULE_NAME = iOSTest;
				PRODUCT_NAME = iOSTest;
				SDKROOT = iphoneos;
				TARGETED_DEVICE_FAMILY = "1,2";
			};
			name = Debug;
		};
		BC4827C019A2D5A300CF7904 /* Release */ = {
			isa = XCBuildConfiguration;
			buildSettings = {
				ALWAYS_SEARCH_USER_PATHS = NO;
				CLANG_CXX_LANGUAGE_STANDARD = "gnu++0x";
				CLANG_CXX_LIBRARY = "libc++";
				CLANG_ENABLE_MODULES = YES;
				CLANG_ENABLE_OBJC_ARC = YES;
				CLANG_WARN_BOOL_CONVERSION = YES;
				CLANG_WARN_CONSTANT_CONVERSION = YES;
				CLANG_WARN_DIRECT_OBJC_ISA_USAGE = YES_ERROR;
				CLANG_WARN_EMPTY_BODY = YES;
				CLANG_WARN_ENUM_CONVERSION = YES;
				CLANG_WARN_INT_CONVERSION = YES;
				CLANG_WARN_OBJC_ROOT_CLASS = YES_ERROR;
				CLANG_WARN_UNREACHABLE_CODE = YES;
				CLANG_WARN__DUPLICATE_METHOD_MATCH = YES;
				"CODE_SIGN_IDENTITY[sdk=iphoneos*]" = "iPhone Developer";
				COPY_PHASE_STRIP = YES;
				ENABLE_NS_ASSERTIONS = NO;
				ENABLE_STRICT_OBJC_MSGSEND = YES;
				GCC_C_LANGUAGE_STANDARD = gnu99;
				GCC_WARN_64_TO_32_BIT_CONVERSION = YES;
				GCC_WARN_ABOUT_RETURN_TYPE = YES_ERROR;
				GCC_WARN_UNDECLARED_SELECTOR = YES;
				GCC_WARN_UNINITIALIZED_AUTOS = YES_AGGRESSIVE;
				GCC_WARN_UNUSED_FUNCTION = YES;
				GCC_WARN_UNUSED_VARIABLE = YES;
				IPHONEOS_DEPLOYMENT_TARGET = 8.0;
				MTL_ENABLE_DEBUG_INFO = NO;
				PRODUCT_NAME = iOSTest;
				SDKROOT = iphoneos;
				TARGETED_DEVICE_FAMILY = "1,2";
				VALIDATE_PRODUCT = YES;
			};
			name = Release;
		};
		BC4827C219A2D5A300CF7904 /* Debug */ = {
			isa = XCBuildConfiguration;
			baseConfigurationReference = B6FEF9BC55484B4EA7C2E30C /* Pods-iOSTest.xcconfig */;
			buildSettings = {
				ASSETCATALOG_COMPILER_APPICON_NAME = AppIcon;
				ASSETCATALOG_COMPILER_LAUNCHIMAGE_NAME = LaunchImage;
				CLANG_ENABLE_MODULES = YES;
				INFOPLIST_FILE = iOSTest/Info.plist;
				IPHONEOS_DEPLOYMENT_TARGET = 7.1;
				LD_RUNPATH_SEARCH_PATHS = "$(inherited) @executable_path/Frameworks";
				PRODUCT_NAME = "$(TARGET_NAME)";
				SWIFT_OBJC_BRIDGING_HEADER = "iOSTest/iOSTest-Bridging-Header.h";
				SWIFT_OPTIMIZATION_LEVEL = "-Onone";
			};
			name = Debug;
		};
		BC4827C319A2D5A300CF7904 /* Release */ = {
			isa = XCBuildConfiguration;
			baseConfigurationReference = B6FEF9BC55484B4EA7C2E30C /* Pods-iOSTest.xcconfig */;
			buildSettings = {
				ASSETCATALOG_COMPILER_APPICON_NAME = AppIcon;
				ASSETCATALOG_COMPILER_LAUNCHIMAGE_NAME = LaunchImage;
				CLANG_ENABLE_MODULES = YES;
				INFOPLIST_FILE = iOSTest/Info.plist;
				IPHONEOS_DEPLOYMENT_TARGET = 7.1;
				LD_RUNPATH_SEARCH_PATHS = "$(inherited) @executable_path/Frameworks";
				PRODUCT_NAME = "$(TARGET_NAME)";
				SWIFT_OBJC_BRIDGING_HEADER = "iOSTest/iOSTest-Bridging-Header.h";
			};
			name = Release;
		};
		BC4827C519A2D5A300CF7904 /* Debug */ = {
			isa = XCBuildConfiguration;
			buildSettings = {
				BUNDLE_LOADER = "$(TEST_HOST)";
				FRAMEWORK_SEARCH_PATHS = (
					"$(SDKROOT)/Developer/Library/Frameworks",
					"$(inherited)",
				);
				GCC_PREPROCESSOR_DEFINITIONS = (
					"DEBUG=1",
					"$(inherited)",
				);
				INFOPLIST_FILE = iOSTestTests/Info.plist;
				LD_RUNPATH_SEARCH_PATHS = "$(inherited) @executable_path/Frameworks @loader_path/Frameworks";
				PRODUCT_NAME = "$(TARGET_NAME)";
				TEST_HOST = "$(BUILT_PRODUCTS_DIR)/iOSTest.app/iOSTest";
			};
			name = Debug;
		};
		BC4827C619A2D5A300CF7904 /* Release */ = {
			isa = XCBuildConfiguration;
			buildSettings = {
				BUNDLE_LOADER = "$(TEST_HOST)";
				FRAMEWORK_SEARCH_PATHS = (
					"$(SDKROOT)/Developer/Library/Frameworks",
					"$(inherited)",
				);
				INFOPLIST_FILE = iOSTestTests/Info.plist;
				LD_RUNPATH_SEARCH_PATHS = "$(inherited) @executable_path/Frameworks @loader_path/Frameworks";
				PRODUCT_NAME = "$(TARGET_NAME)";
				TEST_HOST = "$(BUILT_PRODUCTS_DIR)/iOSTest.app/iOSTest";
			};
			name = Release;
		};
/* End XCBuildConfiguration section */

/* Begin XCConfigurationList section */
		BC48279C19A2D5A200CF7904 /* Build configuration list for PBXProject "iOSTest" */ = {
			isa = XCConfigurationList;
			buildConfigurations = (
				BC4827BF19A2D5A300CF7904 /* Debug */,
				BC4827C019A2D5A300CF7904 /* Release */,
			);
			defaultConfigurationIsVisible = 0;
			defaultConfigurationName = Release;
		};
		BC4827C119A2D5A300CF7904 /* Build configuration list for PBXNativeTarget "iOSTest" */ = {
			isa = XCConfigurationList;
			buildConfigurations = (
				BC4827C219A2D5A300CF7904 /* Debug */,
				BC4827C319A2D5A300CF7904 /* Release */,
			);
			defaultConfigurationIsVisible = 0;
			defaultConfigurationName = Release;
		};
		BC4827C419A2D5A300CF7904 /* Build configuration list for PBXNativeTarget "iOSTestTests" */ = {
			isa = XCConfigurationList;
			buildConfigurations = (
				BC4827C519A2D5A300CF7904 /* Debug */,
				BC4827C619A2D5A300CF7904 /* Release */,
			);
			defaultConfigurationIsVisible = 0;
			defaultConfigurationName = Release;
		};
/* End XCConfigurationList section */
	};
	rootObject = BC48279919A2D5A200CF7904 /* Project object */;
}
